
Microsoft Visual Studio Solution File, Format Version 12.00
# Visual Studio Version 17
VisualStudioVersion = 17.12.35527.113 d17.12
MinimumVisualStudioVersion = 10.0.40219.1
Project("{FAE04EC0-301F-11D3-BF4B-00C04F79EFBC}") = "SampleAPI", "SampleAPI\SampleAPI.csproj", "{456D7110-4E3A-4520-8A2F-1F14E05EFD4A}"
EndProject
Global
	GlobalSection(SolutionConfigurationPlatforms) = preSolution
		Debug|Any CPU = Debug|Any CPU
		Release|Any CPU = Release|Any CPU
	EndGlobalSection
	GlobalSection(ProjectConfigurationPlatforms) = postSolution
		{456D7110-4E3A-4520-8A2F-1F14E05EFD4A}.Debug|Any CPU.ActiveCfg = Debug|Any CPU
		{456D7110-4E3A-4520-8A2F-1F14E05EFD4A}.Debug|Any CPU.Build.0 = Debug|Any CPU
		{456D7110-4E3A-4520-8A2F-1F14E05EFD4A}.Release|Any CPU.ActiveCfg = Release|Any CPU
		{456D7110-4E3A-4520-8A2F-1F14E05EFD4A}.Release|Any CPU.Build.0 = Release|Any CPU
	EndGlobalSection
	GlobalSection(SolutionProperties) = preSolution
		HideSolutionNode = FALSE
	EndGlobalSection
EndGlobal
